// !$*UTF8*$!
{
	archiveVersion = 1;
	classes = {
	};
	objectVersion = 77;
	objects = {

/* Begin PBXContainerItemProxy section */
		C516F5562DEB4D1700C27227 /* PBXContainerItemProxy */ = {
			isa = PBXContainerItemProxy;
			containerPortal = C516F53D2DEB4D1500C27227 /* Project object */;
			proxyType = 1;
			remoteGlobalIDString = C516F5442DEB4D1500C27227;
			remoteInfo = ReadPop;
		};
		C516F5602DEB4D1700C27227 /* PBXContainerItemProxy */ = {
			isa = PBXContainerItemProxy;
			containerPortal = C516F53D2DEB4D1500C27227 /* Project object */;
			proxyType = 1;
			remoteGlobalIDString = C516F5442DEB4D1500C27227;
			remoteInfo = ReadPop;
		};
/* End PBXContainerItemProxy section */

/* Begin PBXFileReference section */
		C516F5452DEB4D1500C27227 /* ReadPop.app */ = {isa = PBXFileReference; explicitFileType = wrapper.application; includeInIndex = 0; path = ReadPop.app; sourceTree = BUILT_PRODUCTS_DIR; };
		C516F5552DEB4D1700C27227 /* ReadPopTests.xctest */ = {isa = PBXFileReference; explicitFileType = wrapper.cfbundle; includeInIndex = 0; path = ReadPopTests.xctest; sourceTree = BUILT_PRODUCTS_DIR; };
		C516F55F2DEB4D1700C27227 /* ReadPopUITests.xctest */ = {isa = PBXFileReference; explicitFileType = wrapper.cfbundle; includeInIndex = 0; path = ReadPopUITests.xctest; sourceTree = BUILT_PRODUCTS_DIR; };
/* End PBXFileReference section */

/* Begin PBXFileSystemSynchronizedBuildFileExceptionSet section */
		C516F5CA2DEB769700C27227 /* Exceptions for "ReadPop" folder in "ReadPop" target */ = {
			isa = PBXFileSystemSynchronizedBuildFileExceptionSet;
			membershipExceptions = (
				Info.plist,
			);
			target = C516F5442DEB4D1500C27227 /* ReadPop */;
		};
/* End PBXFileSystemSynchronizedBuildFileExceptionSet section */

/* Begin PBXFileSystemSynchronizedRootGroup section */
		C516F5472DEB4D1500C27227 /* ReadPop */ = {
			isa = PBXFileSystemSynchronizedRootGroup;
			exceptions = (
				C516F5CA2DEB769700C27227 /* Exceptions for "ReadPop" folder in "ReadPop" target */,
			);
			path = ReadPop;
			sourceTree = "<group>";
		};
		C516F5582DEB4D1700C27227 /* ReadPopTests */ = {
			isa = PBXFileSystemSynchronizedRootGroup;
			path = ReadPopTests;
			sourceTree = "<group>";
		};
		C516F5622DEB4D1700C27227 /* ReadPopUITests */ = {
			isa = PBXFileSystemSynchronizedRootGroup;
			path = ReadPopUITests;
			sourceTree = "<group>";
		};
/* End PBXFileSystemSynchronizedRootGroup section */

/* Begin PBXFrameworksBuildPhase section */
		C516F5422DEB4D1500C27227 /* Frameworks */ = {
			isa = PBXFrameworksBuildPhase;
			buildActionMask = 2147483647;
			files = (
			);
			runOnlyForDeploymentPostprocessing = 0;
		};
		C516F5522DEB4D1700C27227 /* Frameworks */ = {
			isa = PBXFrameworksBuildPhase;
			buildActionMask = 2147483647;
			files = (
			);
			runOnlyForDeploymentPostprocessing = 0;
		};
		C516F55C2DEB4D1700C27227 /* Frameworks */ = {
			isa = PBXFrameworksBuildPhase;
			buildActionMask = 2147483647;
			files = (
			);
			runOnlyForDeploymentPostprocessing = 0;
		};
/* End PBXFrameworksBuildPhase section */

/* Begin PBXGroup section */
		C516F53C2DEB4D1500C27227 = {
			isa = PBXGroup;
			children = (
				C516F5472DEB4D1500C27227 /* ReadPop */,
				C516F5582DEB4D1700C27227 /* ReadPopTests */,
				C516F5622DEB4D1700C27227 /* ReadPopUITests */,
				C516F5462DEB4D1500C27227 /* Products */,
			);
			sourceTree = "<group>";
		};
		C516F5462DEB4D1500C27227 /* Products */ = {
			isa = PBXGroup;
			children = (
				C516F5452DEB4D1500C27227 /* ReadPop.app */,
				C516F5552DEB4D1700C27227 /* ReadPopTests.xctest */,
				C516F55F2DEB4D1700C27227 /* ReadPopUITests.xctest */,
			);
			name = Products;
			sourceTree = "<group>";
		};
/* End PBXGroup section */

/* Begin PBXNativeTarget section */
		C516F5442DEB4D1500C27227 /* ReadPop */ = {
			isa = PBXNativeTarget;
			buildConfigurationList = C516F5692DEB4D1700C27227 /* Build configuration list for PBXNativeTarget "ReadPop" */;
			buildPhases = (
				C516F5412DEB4D1500C27227 /* Sources */,
				C516F5422DEB4D1500C27227 /* Frameworks */,
				C516F5432DEB4D1500C27227 /* Resources */,
			);
			buildRules = (
			);
			dependencies = (
			);
			fileSystemSynchronizedGroups = (
				C516F5472DEB4D1500C27227 /* ReadPop */,
			);
			name = ReadPop;
			packageProductDependencies = (
			);
			productName = ReadPop;
			productReference = C516F5452DEB4D1500C27227 /* ReadPop.app */;
			productType = "com.apple.product-type.application";
		};
		C516F5542DEB4D1700C27227 /* ReadPopTests */ = {
			isa = PBXNativeTarget;
			buildConfigurationList = C516F56C2DEB4D1700C27227 /* Build configuration list for PBXNativeTarget "ReadPopTests" */;
			buildPhases = (
				C516F5512DEB4D1700C27227 /* Sources */,
				C516F5522DEB4D1700C27227 /* Frameworks */,
				C516F5532DEB4D1700C27227 /* Resources */,
			);
			buildRules = (
			);
			dependencies = (
				C516F5572DEB4D1700C27227 /* PBXTargetDependency */,
			);
			fileSystemSynchronizedGroups = (
				C516F5582DEB4D1700C27227 /* ReadPopTests */,
			);
			name = ReadPopTests;
			packageProductDependencies = (
			);
			productName = ReadPopTests;
			productReference = C516F5552DEB4D1700C27227 /* ReadPopTests.xctest */;
			productType = "com.apple.product-type.bundle.unit-test";
		};
		C516F55E2DEB4D1700C27227 /* ReadPopUITests */ = {
			isa = PBXNativeTarget;
			buildConfigurationList = C516F56F2DEB4D1700C27227 /* Build configuration list for PBXNativeTarget "ReadPopUITests" */;
			buildPhases = (
				C516F55B2DEB4D1700C27227 /* Sources */,
				C516F55C2DEB4D1700C27227 /* Frameworks */,
				C516F55D2DEB4D1700C27227 /* Resources */,
			);
			buildRules = (
			);
			dependencies = (
				C516F5612DEB4D1700C27227 /* PBXTargetDependency */,
			);
			fileSystemSynchronizedGroups = (
				C516F5622DEB4D1700C27227 /* ReadPopUITests */,
			);
			name = ReadPopUITests;
			packageProductDependencies = (
			);
			productName = ReadPopUITests;
			productReference = C516F55F2DEB4D1700C27227 /* ReadPopUITests.xctest */;
			productType = "com.apple.product-type.bundle.ui-testing";
		};
/* End PBXNativeTarget section */

/* Begin PBXProject section */
		C516F53D2DEB4D1500C27227 /* Project object */ = {
			isa = PBXProject;
			attributes = {
				BuildIndependentTargetsInParallel = 1;
				LastSwiftUpdateCheck = 1620;
				LastUpgradeCheck = 1620;
				TargetAttributes = {
					C516F5442DEB4D1500C27227 = {
						CreatedOnToolsVersion = 16.2;
					};
					C516F5542DEB4D1700C27227 = {
						CreatedOnToolsVersion = 16.2;
						TestTargetID = C516F5442DEB4D1500C27227;
					};
					C516F55E2DEB4D1700C27227 = {
						CreatedOnToolsVersion = 16.2;
						TestTargetID = C516F5442DEB4D1500C27227;
					};
				};
			};
			buildConfigurationList = C516F5402DEB4D1500C27227 /* Build configuration list for PBXProject "ReadPop" */;
			developmentRegion = en;
			hasScannedForEncodings = 0;
			knownRegions = (
				en,
				Base,
			);
			mainGroup = C516F53C2DEB4D1500C27227;
			minimizedProjectReferenceProxies = 1;
			preferredProjectObjectVersion = 77;
			productRefGroup = C516F5462DEB4D1500C27227 /* Products */;
			projectDirPath = "";
			projectRoot = "";
			targets = (
				C516F5442DEB4D1500C27227 /* ReadPop */,
				C516F5542DEB4D1700C27227 /* ReadPopTests */,
				C516F55E2DEB4D1700C27227 /* ReadPopUITests */,
			);
		};
/* End PBXProject section */

/* Begin PBXResourcesBuildPhase section */
		C516F5432DEB4D1500C27227 /* Resources */ = {
			isa = PBXResourcesBuildPhase;
			buildActionMask = 2147483647;
			files = (
			);
			runOnlyForDeploymentPostprocessing = 0;
		};
		C516F5532DEB4D1700C27227 /* Resources */ = {
			isa = PBXResourcesBuildPhase;
			buildActionMask = 2147483647;
			files = (
			);
			runOnlyForDeploymentPostprocessing = 0;
		};
		C516F55D2DEB4D1700C27227 /* Resources */ = {
			isa = PBXResourcesBuildPhase;
			buildActionMask = 2147483647;
			files = (
			);
			runOnlyForDeploymentPostprocessing = 0;
		};
/* End PBXResourcesBuildPhase section */

/* Begin PBXSourcesBuildPhase section */
		C516F5412DEB4D1500C27227 /* Sources */ = {
			isa = PBXSourcesBuildPhase;
			buildActionMask = 2147483647;
			files = (
			);
			runOnlyForDeploymentPostprocessing = 0;
		};
		C516F5512DEB4D1700C27227 /* Sources */ = {
			isa = PBXSourcesBuildPhase;
			buildActionMask = 2147483647;
			files = (
			);
			runOnlyForDeploymentPostprocessing = 0;
		};
		C516F55B2DEB4D1700C27227 /* Sources */ = {
			isa = PBXSourcesBuildPhase;
			buildActionMask = 2147483647;
			files = (
			);
			runOnlyForDeploymentPostprocessing = 0;
		};
/* End PBXSourcesBuildPhase section */

/* Begin PBXTargetDependency section */
		C516F5572DEB4D1700C27227 /* PBXTargetDependency */ = {
			isa = PBXTargetDependency;
			target = C516F5442DEB4D1500C27227 /* ReadPop */;
			targetProxy = C516F5562DEB4D1700C27227 /* PBXContainerItemProxy */;
		};
		C516F5612DEB4D1700C27227 /* PBXTargetDependency */ = {
			isa = PBXTargetDependency;
			target = C516F5442DEB4D1500C27227 /* ReadPop */;
			targetProxy = C516F5602DEB4D1700C27227 /* PBXContainerItemProxy */;
		};
/* End PBXTargetDependency section */

/* Begin XCBuildConfiguration section */
		C516F5672DEB4D1700C27227 /* Debug */ = {
			isa = XCBuildConfiguration;
			baseConfigurationReferenceAnchor = C516F5472DEB4D1500C27227 /* ReadPop */;
			baseConfigurationReferenceRelativePath = Config/Debug.xcconfig;
			buildSettings = {
				ALWAYS_SEARCH_USER_PATHS = NO;
				ASSETCATALOG_COMPILER_GENERATE_SWIFT_ASSET_SYMBOL_EXTENSIONS = YES;
				CLANG_ANALYZER_NONNULL = YES;
				CLANG_ANALYZER_NUMBER_OBJECT_CONVERSION = YES_AGGRESSIVE;
				CLANG_CXX_LANGUAGE_STANDARD = "gnu++20";
				CLANG_ENABLE_MODULES = YES;
				CLANG_ENABLE_OBJC_ARC = YES;
				CLANG_ENABLE_OBJC_WEAK = YES;
				CLANG_WARN_BLOCK_CAPTURE_AUTORELEASING = YES;
				CLANG_WARN_BOOL_CONVERSION = YES;
				CLANG_WARN_COMMA = YES;
				CLANG_WARN_CONSTANT_CONVERSION = YES;
				CLANG_WARN_DEPRECATED_OBJC_IMPLEMENTATIONS = YES;
				CLANG_WARN_DIRECT_OBJC_ISA_USAGE = YES_ERROR;
				CLANG_WARN_DOCUMENTATION_COMMENTS = YES;
				CLANG_WARN_EMPTY_BODY = YES;
				CLANG_WARN_ENUM_CONVERSION = YES;
				CLANG_WARN_INFINITE_RECURSION = YES;
				CLANG_WARN_INT_CONVERSION = YES;
				CLANG_WARN_NON_LITERAL_NULL_CONVERSION = YES;
				CLANG_WARN_OBJC_IMPLICIT_RETAIN_SELF = YES;
				CLANG_WARN_OBJC_LITERAL_CONVERSION = YES;
				CLANG_WARN_OBJC_ROOT_CLASS = YES_ERROR;
				CLANG_WARN_QUOTED_INCLUDE_IN_FRAMEWORK_HEADER = YES;
				CLANG_WARN_RANGE_LOOP_ANALYSIS = YES;
				CLANG_WARN_STRICT_PROTOTYPES = YES;
				CLANG_WARN_SUSPICIOUS_MOVE = YES;
				CLANG_WARN_UNGUARDED_AVAILABILITY = YES_AGGRESSIVE;
				CLANG_WARN_UNREACHABLE_CODE = YES;
				CLANG_WARN__DUPLICATE_METHOD_MATCH = YES;
				COPY_PHASE_STRIP = NO;
				DEBUG_INFORMATION_FORMAT = dwarf;
				ENABLE_STRICT_OBJC_MSGSEND = YES;
				ENABLE_TESTABILITY = YES;
				ENABLE_USER_SCRIPT_SANDBOXING = YES;
				GCC_C_LANGUAGE_STANDARD = gnu17;
				GCC_DYNAMIC_NO_PIC = NO;
				GCC_NO_COMMON_BLOCKS = YES;
				GCC_OPTIMIZATION_LEVEL = 0;
				GCC_PREPROCESSOR_DEFINITIONS = (
					"DEBUG=1",
					"$(inherited)",
				);
				GCC_WARN_64_TO_32_BIT_CONVERSION = YES;
				GCC_WARN_ABOUT_RETURN_TYPE = YES_ERROR;
				GCC_WARN_UNDECLARED_SELECTOR = YES;
				GCC_WARN_UNINITIALIZED_AUTOS = YES_AGGRESSIVE;
				GCC_WARN_UNUSED_FUNCTION = YES;
				GCC_WARN_UNUSED_VARIABLE = YES;
				INFOPLIST_FILE = ReadPop/Info.plist;
				IPHONEOS_DEPLOYMENT_TARGET = 18.2;
				LOCALIZATION_PREFERS_STRING_CATALOGS = YES;
				MTL_ENABLE_DEBUG_INFO = INCLUDE_SOURCE;
				MTL_FAST_MATH = YES;
				ONLY_ACTIVE_ARCH = YES;
				SDKROOT = iphoneos;
				SWIFT_ACTIVE_COMPILATION_CONDITIONS = "DEBUG $(inherited)";
				SWIFT_OPTIMIZATION_LEVEL = "-Onone";
			};
			name = Debug;
		};
		C516F5682DEB4D1700C27227 /* Release */ = {
			isa = XCBuildConfiguration;
			baseConfigurationReferenceAnchor = C516F5472DEB4D1500C27227 /* ReadPop */;
			baseConfigurationReferenceRelativePath = Config/Release.xcconfig;
			buildSettings = {
				ALWAYS_SEARCH_USER_PATHS = NO;
				ASSETCATALOG_COMPILER_GENERATE_SWIFT_ASSET_SYMBOL_EXTENSIONS = YES;
				CLANG_ANALYZER_NONNULL = YES;
				CLANG_ANALYZER_NUMBER_OBJECT_CONVERSION = YES_AGGRESSIVE;
				CLANG_CXX_LANGUAGE_STANDARD = "gnu++20";
				CLANG_ENABLE_MODULES = YES;
				CLANG_ENABLE_OBJC_ARC = YES;
				CLANG_ENABLE_OBJC_WEAK = YES;
				CLANG_WARN_BLOCK_CAPTURE_AUTORELEASING = YES;
				CLANG_WARN_BOOL_CONVERSION = YES;
				CLANG_WARN_COMMA = YES;
				CLANG_WARN_CONSTANT_CONVERSION = YES;
				CLANG_WARN_DEPRECATED_OBJC_IMPLEMENTATIONS = YES;
				CLANG_WARN_DIRECT_OBJC_ISA_USAGE = YES_ERROR;
				CLANG_WARN_DOCUMENTATION_COMMENTS = YES;
				CLANG_WARN_EMPTY_BODY = YES;
				CLANG_WARN_ENUM_CONVERSION = YES;
				CLANG_WARN_INFINITE_RECURSION = YES;
				CLANG_WARN_INT_CONVERSION = YES;
				CLANG_WARN_NON_LITERAL_NULL_CONVERSION = YES;
				CLANG_WARN_OBJC_IMPLICIT_RETAIN_SELF = YES;
				CLANG_WARN_OBJC_LITERAL_CONVERSION = YES;
				CLANG_WARN_OBJC_ROOT_CLASS = YES_ERROR;
				CLANG_WARN_QUOTED_INCLUDE_IN_FRAMEWORK_HEADER = YES;
				CLANG_WARN_RANGE_LOOP_ANALYSIS = YES;
				CLANG_WARN_STRICT_PROTOTYPES = YES;
				CLANG_WARN_SUSPICIOUS_MOVE = YES;
				CLANG_WARN_UNGUARDED_AVAILABILITY = YES_AGGRESSIVE;
				CLANG_WARN_UNREACHABLE_CODE = YES;
				CLANG_WARN__DUPLICATE_METHOD_MATCH = YES;
				COPY_PHASE_STRIP = NO;
				DEBUG_INFORMATION_FORMAT = "dwarf-with-dsym";
				ENABLE_NS_ASSERTIONS = NO;
				ENABLE_STRICT_OBJC_MSGSEND = YES;
				ENABLE_USER_SCRIPT_SANDBOXING = YES;
				GCC_C_LANGUAGE_STANDARD = gnu17;
				GCC_NO_COMMON_BLOCKS = YES;
				GCC_WARN_64_TO_32_BIT_CONVERSION = YES;
				GCC_WARN_ABOUT_RETURN_TYPE = YES_ERROR;
				GCC_WARN_UNDECLARED_SELECTOR = YES;
				GCC_WARN_UNINITIALIZED_AUTOS = YES_AGGRESSIVE;
				GCC_WARN_UNUSED_FUNCTION = YES;
				GCC_WARN_UNUSED_VARIABLE = YES;
				INFOPLIST_FILE = ReadPop/Info.plist;
				IPHONEOS_DEPLOYMENT_TARGET = 18.2;
				LOCALIZATION_PREFERS_STRING_CATALOGS = YES;
				MTL_ENABLE_DEBUG_INFO = NO;
				MTL_FAST_MATH = YES;
				SDKROOT = iphoneos;
				SWIFT_COMPILATION_MODE = wholemodule;
				VALIDATE_PRODUCT = YES;
			};
			name = Release;
		};
		C516F56A2DEB4D1700C27227 /* Debug */ = {
			isa = XCBuildConfiguration;
			buildSettings = {
				ASSETCATALOG_COMPILER_APPICON_NAME = AppIcon;
				ASSETCATALOG_COMPILER_GLOBAL_ACCENT_COLOR_NAME = AccentColor;
				CODE_SIGN_IDENTITY = "Apple Development";
				CODE_SIGN_STYLE = Automatic;
				CREATE_INFOPLIST_SECTION_IN_BINARY = NO;
				CURRENT_PROJECT_VERSION = 1;
				DEVELOPMENT_ASSET_PATHS = "\"ReadPop/Preview Content\"";
				DEVELOPMENT_TEAM = P9DPM92NTA;
				ENABLE_PREVIEWS = YES;
				GENERATE_INFOPLIST_FILE = NO;
				INFOPLIST_FILE = ReadPop/Info.plist;
				INFOPLIST_KEY_UIApplicationSceneManifest_Generation = YES;
				INFOPLIST_KEY_UIApplicationSupportsIndirectInputEvents = YES;
				INFOPLIST_KEY_UILaunchScreen_Generation = YES;
				INFOPLIST_KEY_UISupportedInterfaceOrientations_iPad = "UIInterfaceOrientationPortrait UIInterfaceOrientationPortraitUpsideDown UIInterfaceOrientationLandscapeLeft UIInterfaceOrientationLandscapeRight";
				INFOPLIST_KEY_UISupportedInterfaceOrientations_iPhone = "UIInterfaceOrientationPortrait UIInterfaceOrientationLandscapeLeft UIInterfaceOrientationLandscapeRight";
				LD_RUNPATH_SEARCH_PATHS = (
					"$(inherited)",
					"@executable_path/Frameworks",
				);
				MARKETING_VERSION = 1.0;
				PRODUCT_BUNDLE_IDENTIFIER = com.afnan.readpop.ReadPop;
				PRODUCT_NAME = "$(TARGET_NAME)";
				PROVISIONING_PROFILE_SPECIFIER = "";
				SWIFT_EMIT_LOC_STRINGS = YES;
				SWIFT_VERSION = 5.0;
				TARGETED_DEVICE_FAMILY = "1,2";
			};
			name = Debug;
		};
		C516F56B2DEB4D1700C27227 /* Release */ = {
			isa = XCBuildConfiguration;
			buildSettings = {
				ASSETCATALOG_COMPILER_APPICON_NAME = AppIcon;
				ASSETCATALOG_COMPILER_GLOBAL_ACCENT_COLOR_NAME = AccentColor;
				CODE_SIGN_IDENTITY = "Apple Development";
				CODE_SIGN_STYLE = Automatic;
				CREATE_INFOPLIST_SECTION_IN_BINARY = NO;
				CURRENT_PROJECT_VERSION = 1;
				DEVELOPMENT_ASSET_PATHS = "\"ReadPop/Preview Content\"";
				DEVELOPMENT_TEAM = P9DPM92NTA;
				ENABLE_PREVIEWS = YES;
				GENERATE_INFOPLIST_FILE = NO;
				INFOPLIST_FILE = ReadPop/Info.plist;
				INFOPLIST_KEY_UIApplicationSceneManifest_Generation = YES;
				INFOPLIST_KEY_UIApplicationSupportsIndirectInputEvents = YES;
				INFOPLIST_KEY_UILaunchScreen_Generation = YES;
				INFOPLIST_KEY_UISupportedInterfaceOrientations_iPad = "UIInterfaceOrientationPortrait UIInterfaceOrientationPortraitUpsideDown UIInterfaceOrientationLandscapeLeft UIInterfaceOrientationLandscapeRight";
				INFOPLIST_KEY_UISupportedInterfaceOrientations_iPhone = "UIInterfaceOrientationPortrait UIInterfaceOrientationLandscapeLeft UIInterfaceOrientationLandscapeRight";
				LD_RUNPATH_SEARCH_PATHS = (
					"$(inherited)",
					"@executable_path/Frameworks",
				);
				MARKETING_VERSION = 1.0;
				PRODUCT_BUNDLE_IDENTIFIER = com.afnan.readpop.ReadPop;
				PRODUCT_NAME = "$(TARGET_NAME)";
				PROVISIONING_PROFILE_SPECIFIER = "";
				SWIFT_EMIT_LOC_STRINGS = YES;
				SWIFT_VERSION = 5.0;
				TARGETED_DEVICE_FAMILY = "1,2";
			};
			name = Release;
		};
		C516F56D2DEB4D1700C27227 /* Debug */ = {
			isa = XCBuildConfiguration;
			buildSettings = {
				BUNDLE_LOADER = "$(TEST_HOST)";
				CODE_SIGN_STYLE = Automatic;
				CURRENT_PROJECT_VERSION = 1;
				DEVELOPMENT_TEAM = P9DPM92NTA;
				GENERATE_INFOPLIST_FILE = NO;
				IPHONEOS_DEPLOYMENT_TARGET = 18.2;
				MARKETING_VERSION = 1.0;
				PRODUCT_BUNDLE_IDENTIFIER = com.afnan.readpop.ReadPopTests;
				PRODUCT_NAME = "$(TARGET_NAME)";
				SWIFT_EMIT_LOC_STRINGS = NO;
				SWIFT_VERSION = 5.0;
				TARGETED_DEVICE_FAMILY = "1,2";
				TEST_HOST = "$(BUILT_PRODUCTS_DIR)/ReadPop.app/$(BUNDLE_EXECUTABLE_FOLDER_PATH)/ReadPop";
			};
			name = Debug;
		};
		C516F56E2DEB4D1700C27227 /* Release */ = {
			isa = XCBuildConfiguration;
			buildSettings = {
				BUNDLE_LOADER = "$(TEST_HOST)";
				CODE_SIGN_STYLE = Automatic;
				CURRENT_PROJECT_VERSION = 1;
				DEVELOPMENT_TEAM = P9DPM92NTA;
				GENERATE_INFOPLIST_FILE = NO;
				IPHONEOS_DEPLOYMENT_TARGET = 18.2;
				MARKETING_VERSION = 1.0;
				PRODUCT_BUNDLE_IDENTIFIER = com.afnan.readpop.ReadPopTests;
				PRODUCT_NAME = "$(TARGET_NAME)";
				SWIFT_EMIT_LOC_STRINGS = NO;
				SWIFT_VERSION = 5.0;
				TARGETED_DEVICE_FAMILY = "1,2";
				TEST_HOST = "$(BUILT_PRODUCTS_DIR)/ReadPop.app/$(BUNDLE_EXECUTABLE_FOLDER_PATH)/ReadPop";
			};
			name = Release;
		};
		C516F5702DEB4D1700C27227 /* Debug */ = {
			isa = XCBuildConfiguration;
			buildSettings = {
				CODE_SIGN_STYLE = Automatic;
				CURRENT_PROJECT_VERSION = 1;
				DEVELOPMENT_TEAM = P9DPM92NTA;
				GENERATE_INFOPLIST_FILE = NO;
				MARKETING_VERSION = 1.0;
				PRODUCT_BUNDLE_IDENTIFIER = com.afnan.readpop.ReadPopUITests;
				PRODUCT_NAME = "$(TARGET_NAME)";
				SWIFT_EMIT_LOC_STRINGS = NO;
				SWIFT_VERSION = 5.0;
				TARGETED_DEVICE_FAMILY = "1,2";
				TEST_TARGET_NAME = ReadPop;
			};
			name = Debug;
		};
		C516F5712DEB4D1700C27227 /* Release */ = {
			isa = XCBuildConfiguration;
			buildSettings = {
				CODE_SIGN_STYLE = Automatic;
				CURRENT_PROJECT_VERSION = 1;
				DEVELOPMENT_TEAM = P9DPM92NTA;
				GENERATE_INFOPLIST_FILE = NO;
				MARKETING_VERSION = 1.0;
				PRODUCT_BUNDLE_IDENTIFIER = com.afnan.readpop.ReadPopUITests;
				PRODUCT_NAME = "$(TARGET_NAME)";
				SWIFT_EMIT_LOC_STRINGS = NO;
				SWIFT_VERSION = 5.0;
				TARGETED_DEVICE_FAMILY = "1,2";
				TEST_TARGET_NAME = ReadPop;
			};
			name = Release;
		};
/* End XCBuildConfiguration section */

/* Begin XCConfigurationList section */
		C516F5402DEB4D1500C27227 /* Build configuration list for PBXProject "ReadPop" */ = {
			isa = XCConfigurationList;
			buildConfigurations = (
				C516F5672DEB4D1700C27227 /* Debug */,
				C516F5682DEB4D1700C27227 /* Release */,
			);
			defaultConfigurationIsVisible = 0;
			defaultConfigurationName = Release;
		};
		C516F5692DEB4D1700C27227 /* Build configuration list for PBXNativeTarget "ReadPop" */ = {
			isa = XCConfigurationList;
			buildConfigurations = (
				C516F56A2DEB4D1700C27227 /* Debug */,
				C516F56B2DEB4D1700C27227 /* Release */,
			);
			defaultConfigurationIsVisible = 0;
			defaultConfigurationName = Release;
		};
		C516F56C2DEB4D1700C27227 /* Build configuration list for PBXNativeTarget "ReadPopTests" */ = {
			isa = XCConfigurationList;
			buildConfigurations = (
				C516F56D2DEB4D1700C27227 /* Debug */,
				C516F56E2DEB4D1700C27227 /* Release */,
			);
			defaultConfigurationIsVisible = 0;
			defaultConfigurationName = Release;
		};
		C516F56F2DEB4D1700C27227 /* Build configuration list for PBXNativeTarget "ReadPopUITests" */ = {
			isa = XCConfigurationList;
			buildConfigurations = (
				C516F5702DEB4D1700C27227 /* Debug */,
				C516F5712DEB4D1700C27227 /* Release */,
			);
			defaultConfigurationIsVisible = 0;
			defaultConfigurationName = Release;
		};
/* End XCConfigurationList section */
	};
	rootObject = C516F53D2DEB4D1500C27227 /* Project object */;
}
